{
  "version": 4,
  "terraform_version": "1.13.1",
  "serial": 1284,
  "lineage": "80366db0-0655-ffda-4289-970cc32e41fd",
  "outputs": {
    "apis": {
      "value": {
        "rami-apiops-demo": {
          "id": "73b8238e-361c-45f7-9b45-5a8b551667f7",
          "name": "Echo Testing API APIOps LFS",
          "portal_url": "Check your Kong Developer Portal for 'Echo Testing API APIOps LFS'",
          "slug": "echo-api",
          "version": "1.0.2"
        }
      },
      "type": [
        "object",
        {
          "rami-apiops-demo": [
            "object",
            {
              "id": "string",
              "name": "string",
              "portal_url": "string",
              "slug": "string",
              "version": "string"
            }
          ]
        }
      ]
    },
    "control_plane_id": {
      "value": "80e1247e-11fd-4f1a-9c93-c0cc333dbd34",
      "type": "string"
    },
    "control_plane_info": {
      "value": {
        "description": "",
        "id": "80e1247e-11fd-4f1a-9c93-c0cc333dbd34",
        "name": "apiops-cp"
      },
      "type": [
        "object",
        {
          "description": "string",
          "id": "string",
          "name": "string"
        }
      ]
    },
    "portal_id": {
      "value": "42c53a2f-e425-41e3-a67e-802c31dc984e",
      "type": "string"
    },
    "portal_info": {
      "value": {
        "id": "42c53a2f-e425-41e3-a67e-802c31dc984e",
        "name": "se-tools-portal"
      },
      "type": [
        "object",
        {
          "id": "string",
          "name": "string"
        }
      ]
    },
    "summary": {
      "value": {
        "control_plane": {
          "id": "80e1247e-11fd-4f1a-9c93-c0cc333dbd34",
          "name": "apiops-cp"
        },
        "deployment": {
          "apis_published": 1,
          "pages_created": 1
        },
        "next_steps": [
          "1. Visit your Developer Portal to see published APIs",
          "2. Test the APIs using the provided endpoints",
          "3. Generate API keys for authentication",
          "4. Review the gateway analytics in Kong Manager"
        ],
        "portal": {
          "id": "42c53a2f-e425-41e3-a67e-802c31dc984e",
          "name": "se-tools-portal"
        }
      },
      "type": [
        "object",
        {
          "control_plane": [
            "object",
            {
              "id": "string",
              "name": "string"
            }
          ],
          "deployment": [
            "object",
            {
              "apis_published": "number",
              "pages_created": "number"
            }
          ],
          "next_steps": [
            "tuple",
            [
              "string",
              "string",
              "string",
              "string"
            ]
          ],
          "portal": [
            "object",
            {
              "id": "string",
              "name": "string"
            }
          ]
        }
      ]
    }
  },
  "resources": [
    {
      "mode": "data",
      "type": "http",
      "name": "control_planes",
      "provider": "provider[\"registry.terraform.io/hashicorp/http\"]",
      "instances": [
        {
          "schema_version": 0,
          "attributes": {
            "body": "{\"meta\":{\"page\":{\"total\":4,\"size\":100,\"number\":1}},\"data\":[{\"id\":\"5eabc1b1-5934-4844-8552-dd9a20694003\",\"name\":\"rami-SGW-sandbox\",\"description\":\"\",\"labels\":{},\"config\":{\"control_plane_endpoint\":\"https://1859db0366.au.cp.konghq.com\",\"telemetry_endpoint\":\"https://1859db0366.au.tp.konghq.com\",\"cluster_type\":\"CLUSTER_TYPE_CONTROL_PLANE\",\"auth_type\":\"pki_client_certs\",\"cloud_gateway\":false,\"proxy_urls\":[]},\"created_at\":\"2025-03-06T00:49:54.937Z\",\"updated_at\":\"2025-03-06T00:49:54.937Z\"},{\"id\":\"80e1247e-11fd-4f1a-9c93-c0cc333dbd34\",\"name\":\"apiops-cp\",\"description\":\"\",\"labels\":{},\"config\":{\"control_plane_endpoint\":\"https://90fd08563a.au.cp.konghq.com\",\"telemetry_endpoint\":\"https://90fd08563a.au.tp.konghq.com\",\"cluster_type\":\"CLUSTER_TYPE_CONTROL_PLANE\",\"auth_type\":\"pki_client_certs\",\"cloud_gateway\":false,\"proxy_urls\":[]},\"created_at\":\"2025-08-21T06:26:52.622Z\",\"updated_at\":\"2025-08-21T06:26:52.622Z\"},{\"id\":\"7f08f1e4-9a16-4e13-bf4b-9f58f15c8dec\",\"name\":\"se-demo-rc-apiops\",\"description\":\"\",\"labels\":{},\"config\":{\"control_plane_endpoint\":\"https://39e8bd4bf8.au.cp.konghq.com\",\"telemetry_endpoint\":\"https://39e8bd4bf8.au.tp.konghq.com\",\"cluster_type\":\"CLUSTER_TYPE_CONTROL_PLANE\",\"auth_type\":\"pki_client_certs\",\"cloud_gateway\":false,\"proxy_urls\":[]},\"created_at\":\"2025-08-24T00:35:01.965Z\",\"updated_at\":\"2025-08-24T00:35:01.965Z\"},{\"id\":\"8111e646-0ffb-4764-900d-2d160a22d1d7\",\"name\":\"MCP-demo\",\"description\":\"\",\"labels\":{},\"config\":{\"control_plane_endpoint\":\"https://8e2bd1d851.au.cp.konghq.com\",\"telemetry_endpoint\":\"https://8e2bd1d851.au.tp.konghq.com\",\"cluster_type\":\"CLUSTER_TYPE_CONTROL_PLANE\",\"auth_type\":\"pki_client_certs\",\"cloud_gateway\":false,\"proxy_urls\":[]},\"created_at\":\"2025-10-27T06:40:41.455Z\",\"updated_at\":\"2025-10-27T06:40:41.455Z\"}]}\n",
            "ca_cert_pem": null,
            "client_cert_pem": null,
            "client_key_pem": null,
            "id": "https://au.api.konghq.com/v2/control-planes",
            "insecure": null,
            "method": null,
            "request_body": null,
            "request_headers": {
              "Accept": "application/json",
              "Authorization": "Bearer kpat_SaTkghRrqolwJW4vou9j1Na0sFZJAFujuAtybVXDbe6QgaDLm"
            },
            "request_timeout_ms": null,
            "response_body": "{\"meta\":{\"page\":{\"total\":4,\"size\":100,\"number\":1}},\"data\":[{\"id\":\"5eabc1b1-5934-4844-8552-dd9a20694003\",\"name\":\"rami-SGW-sandbox\",\"description\":\"\",\"labels\":{},\"config\":{\"control_plane_endpoint\":\"https://1859db0366.au.cp.konghq.com\",\"telemetry_endpoint\":\"https://1859db0366.au.tp.konghq.com\",\"cluster_type\":\"CLUSTER_TYPE_CONTROL_PLANE\",\"auth_type\":\"pki_client_certs\",\"cloud_gateway\":false,\"proxy_urls\":[]},\"created_at\":\"2025-03-06T00:49:54.937Z\",\"updated_at\":\"2025-03-06T00:49:54.937Z\"},{\"id\":\"80e1247e-11fd-4f1a-9c93-c0cc333dbd34\",\"name\":\"apiops-cp\",\"description\":\"\",\"labels\":{},\"config\":{\"control_plane_endpoint\":\"https://90fd08563a.au.cp.konghq.com\",\"telemetry_endpoint\":\"https://90fd08563a.au.tp.konghq.com\",\"cluster_type\":\"CLUSTER_TYPE_CONTROL_PLANE\",\"auth_type\":\"pki_client_certs\",\"cloud_gateway\":false,\"proxy_urls\":[]},\"created_at\":\"2025-08-21T06:26:52.622Z\",\"updated_at\":\"2025-08-21T06:26:52.622Z\"},{\"id\":\"7f08f1e4-9a16-4e13-bf4b-9f58f15c8dec\",\"name\":\"se-demo-rc-apiops\",\"description\":\"\",\"labels\":{},\"config\":{\"control_plane_endpoint\":\"https://39e8bd4bf8.au.cp.konghq.com\",\"telemetry_endpoint\":\"https://39e8bd4bf8.au.tp.konghq.com\",\"cluster_type\":\"CLUSTER_TYPE_CONTROL_PLANE\",\"auth_type\":\"pki_client_certs\",\"cloud_gateway\":false,\"proxy_urls\":[]},\"created_at\":\"2025-08-24T00:35:01.965Z\",\"updated_at\":\"2025-08-24T00:35:01.965Z\"},{\"id\":\"8111e646-0ffb-4764-900d-2d160a22d1d7\",\"name\":\"MCP-demo\",\"description\":\"\",\"labels\":{},\"config\":{\"control_plane_endpoint\":\"https://8e2bd1d851.au.cp.konghq.com\",\"telemetry_endpoint\":\"https://8e2bd1d851.au.tp.konghq.com\",\"cluster_type\":\"CLUSTER_TYPE_CONTROL_PLANE\",\"auth_type\":\"pki_client_certs\",\"cloud_gateway\":false,\"proxy_urls\":[]},\"created_at\":\"2025-10-27T06:40:41.455Z\",\"updated_at\":\"2025-10-27T06:40:41.455Z\"}]}\n",
            "response_body_base64": "eyJtZXRhIjp7InBhZ2UiOnsidG90YWwiOjQsInNpemUiOjEwMCwibnVtYmVyIjoxfX0sImRhdGEiOlt7ImlkIjoiNWVhYmMxYjEtNTkzNC00ODQ0LTg1NTItZGQ5YTIwNjk0MDAzIiwibmFtZSI6InJhbWktU0dXLXNhbmRib3giLCJkZXNjcmlwdGlvbiI6IiIsImxhYmVscyI6e30sImNvbmZpZyI6eyJjb250cm9sX3BsYW5lX2VuZHBvaW50IjoiaHR0cHM6Ly8xODU5ZGIwMzY2LmF1LmNwLmtvbmdocS5jb20iLCJ0ZWxlbWV0cnlfZW5kcG9pbnQiOiJodHRwczovLzE4NTlkYjAzNjYuYXUudHAua29uZ2hxLmNvbSIsImNsdXN0ZXJfdHlwZSI6IkNMVVNURVJfVFlQRV9DT05UUk9MX1BMQU5FIiwiYXV0aF90eXBlIjoicGtpX2NsaWVudF9jZXJ0cyIsImNsb3VkX2dhdGV3YXkiOmZhbHNlLCJwcm94eV91cmxzIjpbXX0sImNyZWF0ZWRfYXQiOiIyMDI1LTAzLTA2VDAwOjQ5OjU0LjkzN1oiLCJ1cGRhdGVkX2F0IjoiMjAyNS0wMy0wNlQwMDo0OTo1NC45MzdaIn0seyJpZCI6IjgwZTEyNDdlLTExZmQtNGYxYS05YzkzLWMwY2MzMzNkYmQzNCIsIm5hbWUiOiJhcGlvcHMtY3AiLCJkZXNjcmlwdGlvbiI6IiIsImxhYmVscyI6e30sImNvbmZpZyI6eyJjb250cm9sX3BsYW5lX2VuZHBvaW50IjoiaHR0cHM6Ly85MGZkMDg1NjNhLmF1LmNwLmtvbmdocS5jb20iLCJ0ZWxlbWV0cnlfZW5kcG9pbnQiOiJodHRwczovLzkwZmQwODU2M2EuYXUudHAua29uZ2hxLmNvbSIsImNsdXN0ZXJfdHlwZSI6IkNMVVNURVJfVFlQRV9DT05UUk9MX1BMQU5FIiwiYXV0aF90eXBlIjoicGtpX2NsaWVudF9jZXJ0cyIsImNsb3VkX2dhdGV3YXkiOmZhbHNlLCJwcm94eV91cmxzIjpbXX0sImNyZWF0ZWRfYXQiOiIyMDI1LTA4LTIxVDA2OjI2OjUyLjYyMloiLCJ1cGRhdGVkX2F0IjoiMjAyNS0wOC0yMVQwNjoyNjo1Mi42MjJaIn0seyJpZCI6IjdmMDhmMWU0LTlhMTYtNGUxMy1iZjRiLTlmNThmMTVjOGRlYyIsIm5hbWUiOiJzZS1kZW1vLXJjLWFwaW9wcyIsImRlc2NyaXB0aW9uIjoiIiwibGFiZWxzIjp7fSwiY29uZmlnIjp7ImNvbnRyb2xfcGxhbmVfZW5kcG9pbnQiOiJodHRwczovLzM5ZThiZDRiZjguYXUuY3Aua29uZ2hxLmNvbSIsInRlbGVtZXRyeV9lbmRwb2ludCI6Imh0dHBzOi8vMzllOGJkNGJmOC5hdS50cC5rb25naHEuY29tIiwiY2x1c3Rlcl90eXBlIjoiQ0xVU1RFUl9UWVBFX0NPTlRST0xfUExBTkUiLCJhdXRoX3R5cGUiOiJwa2lfY2xpZW50X2NlcnRzIiwiY2xvdWRfZ2F0ZXdheSI6ZmFsc2UsInByb3h5X3VybHMiOltdfSwiY3JlYXRlZF9hdCI6IjIwMjUtMDgtMjRUMDA6MzU6MDEuOTY1WiIsInVwZGF0ZWRfYXQiOiIyMDI1LTA4LTI0VDAwOjM1OjAxLjk2NVoifSx7ImlkIjoiODExMWU2NDYtMGZmYi00NzY0LTkwMGQtMmQxNjBhMjJkMWQ3IiwibmFtZSI6Ik1DUC1kZW1vIiwiZGVzY3JpcHRpb24iOiIiLCJsYWJlbHMiOnt9LCJjb25maWciOnsiY29udHJvbF9wbGFuZV9lbmRwb2ludCI6Imh0dHBzOi8vOGUyYmQxZDg1MS5hdS5jcC5rb25naHEuY29tIiwidGVsZW1ldHJ5X2VuZHBvaW50IjoiaHR0cHM6Ly84ZTJiZDFkODUxLmF1LnRwLmtvbmdocS5jb20iLCJjbHVzdGVyX3R5cGUiOiJDTFVTVEVSX1RZUEVfQ09OVFJPTF9QTEFORSIsImF1dGhfdHlwZSI6InBraV9jbGllbnRfY2VydHMiLCJjbG91ZF9nYXRld2F5IjpmYWxzZSwicHJveHlfdXJscyI6W119LCJjcmVhdGVkX2F0IjoiMjAyNS0xMC0yN1QwNjo0MDo0MS40NTVaIiwidXBkYXRlZF9hdCI6IjIwMjUtMTAtMjdUMDY6NDA6NDEuNDU1WiJ9XX0K",
            "response_headers": {
              "Access-Control-Allow-Credentials": "true",
              "Access-Control-Expose-Headers": "Date,x-datadog-trace-id,Konnect-Acting-As,Konnect-Feature-Set,x-intercom-identity-hash",
              "Content-Security-Policy": "default-src 'self';base-uri 'self';block-all-mixed-content;font-src 'self' https: data:;form-action 'self';frame-ancestors 'self';img-src 'self' data:;object-src 'none';script-src 'self';script-src-attr 'none';style-src 'self' https: 'unsafe-inline';upgrade-insecure-requests",
              "Content-Type": "application/json; charset=utf-8",
              "Cross-Origin-Embedder-Policy": "require-corp",
              "Cross-Origin-Opener-Policy": "same-origin",
              "Cross-Origin-Resource-Policy": "same-origin",
              "Date": "Tue, 31 Mar 2026 08:55:41 GMT",
              "Etag": "W/\"6be-qE372B4BHk71SlaWihq0CnwcF9Y\"",
              "Expect-Ct": "max-age=0",
              "Origin-Agent-Cluster": "?1",
              "Ratelimit-Limit": "4000",
              "Ratelimit-Remaining": "3987",
              "Ratelimit-Reset": "19",
              "Referrer-Policy": "no-referrer",
              "Strict-Transport-Security": "max-age=15552000; includeSubDomains",
              "Vary": "Origin",
              "Via": "kong-enterprise-edition",
              "X-B3-Sampled": "1",
              "X-B3-Spanid": "3fb7191ca7f07800",
              "X-B3-Traceid": "0000000000000000dd99d35e3c9b5000",
              "X-Content-Type-Options": "nosniff",
              "X-Datadog-Parent-Id": "4591165955994843300",
              "X-Datadog-Trace-Id": "15968026355516002214",
              "X-Dns-Prefetch-Control": "off",
              "X-Download-Options": "noopen",
              "X-Envoy-Upstream-Service-Time": "33",
              "X-Frame-Options": "SAMEORIGIN",
              "X-Kong-Proxy-Latency": "1",
              "X-Kong-Upstream-Latency": "33",
              "X-Permitted-Cross-Domain-Policies": "none",
              "X-Ratelimit-Limit-Minute": "4000",
              "X-Ratelimit-Remaining-Minute": "3987",
              "X-Xss-Protection": "0"
            },
            "retry": null,
            "status_code": 200,
            "url": "https://au.api.konghq.com/v2/control-planes"
          },
          "sensitive_attributes": [
            [
              {
                "type": "get_attr",
                "value": "request_headers"
              },
              {
                "type": "index",
                "value": {
                  "value": "Authorization",
                  "type": "string"
                }
              }
            ]
          ],
          "identity_schema_version": 0
        }
      ]
    },
    {
      "mode": "data",
      "type": "http",
      "name": "portals",
      "provider": "provider[\"registry.terraform.io/hashicorp/http\"]",
      "instances": [
        {
          "schema_version": 0,
          "attributes": {
            "body": "{\"data\":[{\"id\":\"42c53a2f-e425-41e3-a67e-802c31dc984e\",\"name\":\"se-tools-portal\",\"display_name\":\"Developer Portal\",\"description\":\"\",\"default_domain\":\"e52047581165.au.kongportals.com\",\"authentication_enabled\":true,\"rbac_enabled\":true,\"auto_approve_developers\":true,\"auto_approve_applications\":true,\"default_api_visibility\":\"public\",\"default_page_visibility\":\"public\",\"default_application_auth_strategy_id\":\"f86fc04c-3362-4322-b374-a640e74ecfbc\",\"labels\":{},\"updated_at\":\"2026-03-31T08:17:54.705Z\",\"created_at\":\"2025-08-21T06:29:50.804Z\",\"canonical_domain\":\"e52047581165.au.kongportals.com\",\"sipr_enabled\":false}],\"meta\":{\"page\":{\"total\":1,\"size\":100,\"number\":1}}}",
            "ca_cert_pem": null,
            "client_cert_pem": null,
            "client_key_pem": null,
            "id": "https://au.api.konghq.com/v3/portals",
            "insecure": null,
            "method": null,
            "request_body": null,
            "request_headers": {
              "Accept": "application/json",
              "Authorization": "Bearer kpat_SaTkghRrqolwJW4vou9j1Na0sFZJAFujuAtybVXDbe6QgaDLm"
            },
            "request_timeout_ms": null,
            "response_body": "{\"data\":[{\"id\":\"42c53a2f-e425-41e3-a67e-802c31dc984e\",\"name\":\"se-tools-portal\",\"display_name\":\"Developer Portal\",\"description\":\"\",\"default_domain\":\"e52047581165.au.kongportals.com\",\"authentication_enabled\":true,\"rbac_enabled\":true,\"auto_approve_developers\":true,\"auto_approve_applications\":true,\"default_api_visibility\":\"public\",\"default_page_visibility\":\"public\",\"default_application_auth_strategy_id\":\"f86fc04c-3362-4322-b374-a640e74ecfbc\",\"labels\":{},\"updated_at\":\"2026-03-31T08:17:54.705Z\",\"created_at\":\"2025-08-21T06:29:50.804Z\",\"canonical_domain\":\"e52047581165.au.kongportals.com\",\"sipr_enabled\":false}],\"meta\":{\"page\":{\"total\":1,\"size\":100,\"number\":1}}}",
            "response_body_base64": "eyJkYXRhIjpbeyJpZCI6IjQyYzUzYTJmLWU0MjUtNDFlMy1hNjdlLTgwMmMzMWRjOTg0ZSIsIm5hbWUiOiJzZS10b29scy1wb3J0YWwiLCJkaXNwbGF5X25hbWUiOiJEZXZlbG9wZXIgUG9ydGFsIiwiZGVzY3JpcHRpb24iOiIiLCJkZWZhdWx0X2RvbWFpbiI6ImU1MjA0NzU4MTE2NS5hdS5rb25ncG9ydGFscy5jb20iLCJhdXRoZW50aWNhdGlvbl9lbmFibGVkIjp0cnVlLCJyYmFjX2VuYWJsZWQiOnRydWUsImF1dG9fYXBwcm92ZV9kZXZlbG9wZXJzIjp0cnVlLCJhdXRvX2FwcHJvdmVfYXBwbGljYXRpb25zIjp0cnVlLCJkZWZhdWx0X2FwaV92aXNpYmlsaXR5IjoicHVibGljIiwiZGVmYXVsdF9wYWdlX3Zpc2liaWxpdHkiOiJwdWJsaWMiLCJkZWZhdWx0X2FwcGxpY2F0aW9uX2F1dGhfc3RyYXRlZ3lfaWQiOiJmODZmYzA0Yy0zMzYyLTQzMjItYjM3NC1hNjQwZTc0ZWNmYmMiLCJsYWJlbHMiOnt9LCJ1cGRhdGVkX2F0IjoiMjAyNi0wMy0zMVQwODoxNzo1NC43MDVaIiwiY3JlYXRlZF9hdCI6IjIwMjUtMDgtMjFUMDY6Mjk6NTAuODA0WiIsImNhbm9uaWNhbF9kb21haW4iOiJlNTIwNDc1ODExNjUuYXUua29uZ3BvcnRhbHMuY29tIiwic2lwcl9lbmFibGVkIjpmYWxzZX1dLCJtZXRhIjp7InBhZ2UiOnsidG90YWwiOjEsInNpemUiOjEwMCwibnVtYmVyIjoxfX19",
            "response_headers": {
              "Access-Control-Allow-Credentials": "true",
              "Access-Control-Expose-Headers": "Date,x-datadog-trace-id,Konnect-Acting-As,Konnect-Feature-Set,x-intercom-identity-hash",
              "Content-Length": "660",
              "Content-Security-Policy": "default-src 'self';base-uri 'self';block-all-mixed-content;font-src 'self' https: data:;form-action 'self';frame-ancestors 'self';img-src 'self' data:;object-src 'none';script-src 'self';script-src-attr 'none';style-src 'self' https: 'unsafe-inline';upgrade-insecure-requests",
              "Content-Type": "application/json; charset=utf-8",
              "Cross-Origin-Embedder-Policy": "require-corp",
              "Cross-Origin-Opener-Policy": "same-origin",
              "Cross-Origin-Resource-Policy": "same-origin",
              "Date": "Tue, 31 Mar 2026 08:55:41 GMT",
              "Etag": "W/\"294-TrPjBQjQM1pkScvQ6382Vqxn8gU\"",
              "Expect-Ct": "max-age=0",
              "Origin-Agent-Cluster": "?1",
              "Ratelimit-Limit": "2000",
              "Ratelimit-Remaining": "1988",
              "Ratelimit-Reset": "19",
              "Referrer-Policy": "no-referrer",
              "Strict-Transport-Security": "max-age=15552000; includeSubDomains",
              "Vary": "Origin",
              "Via": "kong-enterprise-edition",
              "X-B3-Sampled": "1",
              "X-B3-Spanid": "637708c1d5b77c00",
              "X-B3-Traceid": "0000000000000000ae7dabea3cbee800",
              "X-Content-Type-Options": "nosniff",
              "X-Datadog-Parent-Id": "7167206960590716401",
              "X-Datadog-Trace-Id": "12573394757218133920",
              "X-Dns-Prefetch-Control": "off",
              "X-Download-Options": "noopen",
              "X-Envoy-Upstream-Service-Time": "67",
              "X-Frame-Options": "SAMEORIGIN",
              "X-Kong-Proxy-Latency": "1",
              "X-Kong-Upstream-Latency": "68",
              "X-Permitted-Cross-Domain-Policies": "none",
              "X-Ratelimit-Limit-Minute": "2000",
              "X-Ratelimit-Remaining-Minute": "1988",
              "X-Xss-Protection": "0"
            },
            "retry": null,
            "status_code": 200,
            "url": "https://au.api.konghq.com/v3/portals"
          },
          "sensitive_attributes": [
            [
              {
                "type": "get_attr",
                "value": "request_headers"
              },
              {
                "type": "index",
                "value": {
                  "value": "Authorization",
                  "type": "string"
                }
              }
            ]
          ],
          "identity_schema_version": 0
        }
      ]
    },
    {
      "mode": "managed",
      "type": "konnect_api",
      "name": "apis",
      "provider": "provider[\"registry.terraform.io/kong/konnect-beta\"]",
      "instances": [
        {
          "index_key": "rami-apiops-demo",
          "schema_version": 0,
          "attributes": {
            "api_spec_ids": [],
            "attributes": "{}",
            "created_at": "2026-03-31T08:55:41.547Z",
            "current_version_summary": null,
            "description": "Echo API for testing HTTP methods and request data - Generated via Kong ApiOps with Terraform",
            "id": "73b8238e-361c-45f7-9b45-5a8b551667f7",
            "labels": {
              "created_by": "terraform",
              "environment": "production",
              "method": "apiops",
              "product": "testing",
              "team": "platform",
              "version": "v1"
            },
            "name": "Echo Testing API APIOps LFS",
            "portals": [],
            "slug": "echo-api",
            "spec_content": null,
            "updated_at": "2026-03-31T08:55:41.547Z",
            "version": "1.0.2"
          },
          "sensitive_attributes": [],
          "identity_schema_version": 0
        }
      ]
    },
    {
      "mode": "managed",
      "type": "konnect_api_document",
      "name": "documents",
      "provider": "provider[\"registry.terraform.io/kong/konnect-beta\"]",
      "instances": [
        {
          "index_key": "rami-apiops-demo",
          "schema_version": 0,
          "attributes": {
            "api_id": "73b8238e-361c-45f7-9b45-5a8b551667f7",
            "content": "# Echo API Documentation APIOps Spark\n\n## Overview\nThe Echo API is designed for testing HTTP methods and debugging requests. It's managed through our ApiOps workflow using Terraform and Kong Konnect, ensuring consistency between OpenAPI specifications and gateway configuration.\n\n## Authentication\nThis API requires **API Key authentication**:\n- **Header**: `apiKey: YOUR_API_KEY`\n- **Required**: All endpoints require a valid API key\n- **Rate Limiting**: 100 requests per minute, 1000 per hour\n\n## Base URL\n```\nhttps://274658be22.gateways.konggateway.com\n```\n\n## Available Endpoints\n\n### GET /anything\nReturns comprehensive information about the request, including headers, query parameters, and metadata.\n\n**Authentication Required**: ✅ Yes (API Key)\n\n**Rate Limits**: \n- 100 requests per minute\n- 1000 requests per hour\n\n**Query Parameters**:\n- `test` (optional): Test parameter for demonstration\n\n**Example Request**:\n```bash\ncurl -H \"apiKey: YOUR_API_KEY\" \\\n     \"https://274658be22.gateways.konggateway.com/anything?test=demo\"\n```\n\n### POST /echo\nEchoes back the posted JSON data with a timestamp.\n\n**Authentication Required**: ✅ Yes (API Key)\n\n**Content-Type**: `application/json`\n\n**Example Request**:\n```bash\ncurl -X POST \\\n     -H \"apiKey: YOUR_API_KEY\" \\\n     -H \"Content-Type: application/json\" \\\n     -d '{\"message\": \"Hello World\", \"test\": true}' \\\n     \"https://274658be22.gateways.konggateway.com/echo\"\n```\n\n## ApiOps Workflow\nThis API was generated using our automated ApiOps workflow:\n\n1. **OpenAPI Specification**: Single source of truth with Kong extensions\n2. **deck Processing**: Kong-compliant resource generation\n3. **Terraform Deployment**: Infrastructure as code\n4. **Developer Portal**: Auto-generated documentation and API catalog\n",
            "created_at": "2026-03-31T08:55:43.6Z",
            "id": "89e242bf-08cf-455d-b9ab-f1d9b3dd9028",
            "parent_document_id": null,
            "slug": "echo-api-docs",
            "status": "published",
            "title": "Echo API - Complete Documentation Virgin Australia",
            "updated_at": "2026-03-31T08:55:43.619Z"
          },
          "sensitive_attributes": [],
          "identity_schema_version": 0,
          "dependencies": [
            "konnect_api.apis"
          ]
        }
      ]
    },
    {
      "mode": "managed",
      "type": "konnect_api_implementation",
      "name": "implementations",
      "provider": "provider[\"registry.terraform.io/kong/konnect-beta\"]",
      "instances": [
        {
          "index_key": "rami-apiops-demo",
          "schema_version": 0,
          "attributes": {
            "api_id": "73b8238e-361c-45f7-9b45-5a8b551667f7",
            "created_at": "2026-03-31T08:55:43.69Z",
            "id": "bc9fa7ad-c9ad-4d98-b7ac-a1597b550981",
            "service": {
              "control_plane_id": "80e1247e-11fd-4f1a-9c93-c0cc333dbd34",
              "id": "95d758ed-e9b9-4488-a84e-c3641c91bf40"
            },
            "updated_at": "2026-03-31T08:55:43.69Z"
          },
          "sensitive_attributes": [],
          "identity_schema_version": 0,
          "dependencies": [
            "data.http.control_planes",
            "konnect_api.apis",
            "konnect_api_specification.specifications",
            "konnect_gateway_service.rami_apiops_demo"
          ]
        }
      ]
    },
    {
      "mode": "managed",
      "type": "konnect_api_publication",
      "name": "publications",
      "provider": "provider[\"registry.terraform.io/kong/konnect-beta\"]",
      "instances": [
        {
          "index_key": "rami-apiops-demo",
          "schema_version": 0,
          "attributes": {
            "api_id": "73b8238e-361c-45f7-9b45-5a8b551667f7",
            "auth_strategy_ids": [
              "f86fc04c-3362-4322-b374-a640e74ecfbc"
            ],
            "auto_approve_registrations": false,
            "created_at": "2026-03-31T08:55:43.829Z",
            "portal_id": "42c53a2f-e425-41e3-a67e-802c31dc984e",
            "updated_at": "2026-03-31T08:55:43.829Z",
            "visibility": "public"
          },
          "sensitive_attributes": [],
          "identity_schema_version": 0,
          "dependencies": [
            "data.http.control_planes",
            "data.http.portals",
            "konnect_api.apis",
            "konnect_api_document.documents",
            "konnect_api_implementation.implementations",
            "konnect_api_specification.specifications",
            "konnect_gateway_service.rami_apiops_demo"
          ]
        }
      ]
    },
    {
      "mode": "managed",
      "type": "konnect_api_specification",
      "name": "specifications",
      "provider": "provider[\"registry.terraform.io/kong/konnect-beta\"]",
      "instances": [
        {
          "index_key": "rami-apiops-demo",
          "schema_version": 0,
          "attributes": {
            "api_id": "73b8238e-361c-45f7-9b45-5a8b551667f7",
            "content": "openapi: \"3.0.1\"\ninfo:\n  title: \"ApiOps Echo Service\"\n  version: \"1.0.0\"\n  description: \"A minimal OpenAPI spec with only the /anything GET endpoint.\"\nservers:\n  - url: \"https://httpbin.org\"\n    description: \"DCGW Production server\"\n\n# Kong-specific extensions - Also change apis.yaml Lines 42 and 49 must match this name\nx-kong-name: \"rami-apiops-demo\"\nx-kong-service-defaults:\n  retries: 6\n  connect_timeout: 60000\n  write_timeout: 60000\n  read_timeout: 60000\n\n# Global Kong plugins\n# x-kong-plugin-key-auth:\n#   enabled: true\n#   config:\n#     key_names: [\"apiKey\"]\n#     key_in_header: true\n#     key_in_query: false\n#     hide_credentials: true\n\nx-kong-plugin-rate-limiting:\n  enabled: true\n  config:\n    minute: 90\n    hour: 1000\n    policy: \"local\"\n    hide_client_headers: false\n\nx-kong-tags: [ \"owner=rami\", \"created_by:terraform\", \"environment:dev\" ]\n\npaths:\n  /anything:\n    get:\n      operationId: Httpbin-Anything\n      summary: \"Returns anything passed in request data.\"\n      description: \"Returns anything that is passed to request. Useful for testing HTTP methods and request data.\"\n      tags:\n        - \"Testing\"\n      parameters:\n        - name: \"test\"\n          in: \"query\"\n          description: \"Test parameter\"\n          required: false\n          schema:\n            type: \"string\"\n      responses:\n        '200':\n          description: \"Request data\"\n          content:\n            application/json:\n              schema:\n                type: object\n                properties:\n                  method:\n                    type: string\n                    description: \"HTTP method used\"\n                    example: \"GET\"\n                  url:\n                    type: string\n                    description: \"Request URL\"\n                    example: \"https://httpbin.org/anything\"\n                  args:\n                    type: object\n                    description: \"Query string arguments\"\n                    example: {}\n                  headers:\n                    type: object\n                    description: \"Request headers\"\n                    example:\n                      Accept: \"*/*\"\n                      Host: \"httpbin.org\"\n                  data:\n                    type: string\n                    description: \"Request body data\"\n                    example: \"\"\n                  json:\n                    type: object\n                    description: \"JSON request body\"\n                    example: null\n                  origin:\n                    type: string\n                    description: \"Client IP address\"\n                    example: \"127.0.0.1\"\n              example:\n                method: \"GET\"\n                url: \"https://httpbin.org/anything\"\n                args: {}\n                headers:\n                  Accept: \"*/*\"\n                  Host: \"httpbin.org\"\n                data: \"\"\n                json: null\n                origin: \"127.0.0.1\"\n        '429':\n          description: \"Too Many Requests\"\n          content:\n            application/json:\n              schema:\n                type: object\n                properties:\n                  message:\n                    type: string\n                    example: \"API rate limit exceeded\"\n        '401':\n          description: \"Unauthorized\"\n          content:\n            application/json:\n              schema:\n                type: object\n                properties:\n                  message:\n                    type: string\n                    example: \"Invalid API key\"\n\n  /post:\n    post:\n      operationId: Httpbin-Post\n      summary: \"Httpbin POST data\"\n      description: \"Returns the posted data back\"\n      tags:\n        - \"Testing\"\n      requestBody:\n        required: true\n        content:\n          application/json:\n            schema:\n              type: object\n              additionalProperties: true\n      responses:\n        '200':\n          description: \"Echoed data\"\n          content:\n            application/json:\n              schema:\n                type: object\n                properties:\n                  echoed_data:\n                    type: object\n                  timestamp:\n                    type: string\n                    format: date-time\n",
            "created_at": "2026-03-31T08:55:43.591Z",
            "id": "01471a81-d382-42ec-b567-da6e4989b46e",
            "type": "oas3",
            "updated_at": "2026-03-31T08:55:43.591Z",
            "validation_messages": []
          },
          "sensitive_attributes": [],
          "identity_schema_version": 0,
          "dependencies": [
            "konnect_api.apis"
          ]
        }
      ]
    },
    {
      "mode": "managed",
      "type": "konnect_gateway_plugin_rate_limiting",
      "name": "rami_apiops_demo_rate_limiting",
      "provider": "provider[\"registry.terraform.io/kong/konnect\"]",
      "instances": [
        {
          "schema_version": 0,
          "attributes": {
            "config": {
              "day": null,
              "error_code": 429,
              "error_message": "API rate limit exceeded",
              "fault_tolerant": true,
              "header_name": null,
              "hide_client_headers": false,
              "hour": 1000,
              "limit_by": "consumer",
              "minute": 90,
              "month": null,
              "path": null,
              "policy": "local",
              "redis": {
                "database": 0,
                "host": null,
                "password": null,
                "port": 6379,
                "server_name": null,
                "ssl": false,
                "ssl_verify": false,
                "timeout": 2000,
                "username": null
              },
              "second": null,
              "sync_rate": -1,
              "year": null
            },
            "consumer": null,
            "consumer_group": null,
            "control_plane_id": "80e1247e-11fd-4f1a-9c93-c0cc333dbd34",
            "created_at": 1774947341,
            "enabled": true,
            "id": "a35dd3b7-4fb5-43d2-8a8e-28eef52f423b",
            "instance_name": null,
            "ordering": null,
            "partials": null,
            "protocols": [
              "grpc",
              "grpcs",
              "http",
              "https"
            ],
            "route": null,
            "service": {
              "id": "95d758ed-e9b9-4488-a84e-c3641c91bf40"
            },
            "tags": [
              "owner=rami",
              "created_by:terraform",
              "environment:dev"
            ],
            "updated_at": 1774947341
          },
          "sensitive_attributes": [],
          "identity_schema_version": 0,
          "dependencies": [
            "data.http.control_planes",
            "konnect_gateway_service.rami_apiops_demo"
          ]
        }
      ]
    },
    {
      "mode": "managed",
      "type": "konnect_gateway_route",
      "name": "rami_apiops_demo_httpbin_anything",
      "provider": "provider[\"registry.terraform.io/kong/konnect\"]",
      "instances": [
        {
          "schema_version": 0,
          "attributes": {
            "control_plane_id": "80e1247e-11fd-4f1a-9c93-c0cc333dbd34",
            "created_at": 1774947341,
            "destinations": null,
            "headers": null,
            "hosts": null,
            "https_redirect_status_code": 426,
            "id": "d36f7613-e856-49a1-bd7c-ec3eeddfc534",
            "methods": [
              "GET"
            ],
            "name": "rami-apiops-demo_httpbin-anything",
            "path_handling": "v0",
            "paths": [
              "~/anything$"
            ],
            "preserve_host": false,
            "protocols": [
              "http",
              "https"
            ],
            "regex_priority": 200,
            "request_buffering": true,
            "response_buffering": true,
            "service": {
              "id": "95d758ed-e9b9-4488-a84e-c3641c91bf40"
            },
            "snis": null,
            "sources": null,
            "strip_path": false,
            "tags": [
              "owner=rami",
              "created_by:terraform",
              "environment:dev"
            ],
            "updated_at": 1774947341
          },
          "sensitive_attributes": [],
          "identity_schema_version": 0,
          "dependencies": [
            "data.http.control_planes",
            "konnect_gateway_service.rami_apiops_demo"
          ]
        }
      ]
    },
    {
      "mode": "managed",
      "type": "konnect_gateway_route",
      "name": "rami_apiops_demo_httpbin_post",
      "provider": "provider[\"registry.terraform.io/kong/konnect\"]",
      "instances": [
        {
          "schema_version": 0,
          "attributes": {
            "control_plane_id": "80e1247e-11fd-4f1a-9c93-c0cc333dbd34",
            "created_at": 1774947341,
            "destinations": null,
            "headers": null,
            "hosts": null,
            "https_redirect_status_code": 426,
            "id": "e16483f4-d8fa-4015-8a92-0396b6584d93",
            "methods": [
              "POST"
            ],
            "name": "rami-apiops-demo_httpbin-post",
            "path_handling": "v0",
            "paths": [
              "~/post$"
            ],
            "preserve_host": false,
            "protocols": [
              "http",
              "https"
            ],
            "regex_priority": 200,
            "request_buffering": true,
            "response_buffering": true,
            "service": {
              "id": "95d758ed-e9b9-4488-a84e-c3641c91bf40"
            },
            "snis": null,
            "sources": null,
            "strip_path": false,
            "tags": [
              "owner=rami",
              "created_by:terraform",
              "environment:dev"
            ],
            "updated_at": 1774947341
          },
          "sensitive_attributes": [],
          "identity_schema_version": 0,
          "dependencies": [
            "data.http.control_planes",
            "konnect_gateway_service.rami_apiops_demo"
          ]
        }
      ]
    },
    {
      "mode": "managed",
      "type": "konnect_gateway_service",
      "name": "rami_apiops_demo",
      "provider": "provider[\"registry.terraform.io/kong/konnect\"]",
      "instances": [
        {
          "schema_version": 0,
          "attributes": {
            "ca_certificates": null,
            "client_certificate": null,
            "connect_timeout": 60000,
            "control_plane_id": "80e1247e-11fd-4f1a-9c93-c0cc333dbd34",
            "created_at": 1774947341,
            "enabled": true,
            "host": "httpbin.org",
            "id": "95d758ed-e9b9-4488-a84e-c3641c91bf40",
            "name": "rami-apiops-demo",
            "path": "/",
            "port": 443,
            "protocol": "https",
            "read_timeout": 60000,
            "retries": 6,
            "tags": [
              "owner=rami",
              "created_by:terraform",
              "environment:dev"
            ],
            "tls_sans": null,
            "tls_verify": null,
            "tls_verify_depth": null,
            "updated_at": 1774947341,
            "write_timeout": 60000
          },
          "sensitive_attributes": [],
          "identity_schema_version": 0,
          "dependencies": [
            "data.http.control_planes"
          ]
        }
      ]
    },
    {
      "mode": "managed",
      "type": "konnect_portal_page",
      "name": "pages",
      "provider": "provider[\"registry.terraform.io/kong/konnect-beta\"]",
      "instances": [
        {
          "index_key": "welcome",
          "schema_version": 0,
          "attributes": {
            "content": "# Welcome to Rami API Developer Portal - this is created by Rami APIOps\n\nThis portal showcases APIs managed through our ApiOps workflow using Terraform and Kong Konnect.\nOwner: Rami\n## Available APIs\n\nAll APIs below are automatically generated from OpenAPI specifications and include proper authentication and rate limiting.\n\n## Getting Started\n\n1. **Get an API Key**: Contact your administrator for an API key\n2. **Review the Documentation**: Each API has comprehensive documentation\n3. **Test the APIs**: Use the interactive documentation to test endpoints\n4. **Integrate**: Follow the code samples for your preferred language\n\n::apis-list\n---\npersist-page-number: true\ncta-text: \"Explore APIs\"\n---\n\n## Support\n\nIf you need help, please contact our support team or check the FAQ section.\n",
            "created_at": "2026-03-31T08:55:41.555173Z",
            "description": "Welcome page for our API portal",
            "id": "0527288f-0a26-4935-9c02-6fcf8b2511a9",
            "parent_page_id": null,
            "portal_id": "42c53a2f-e425-41e3-a67e-802c31dc984e",
            "slug": "/welcome",
            "status": "published",
            "title": "Welcome to Kong Developer Portal",
            "updated_at": "2026-03-31T08:55:41.584293Z",
            "visibility": "public"
          },
          "sensitive_attributes": [],
          "identity_schema_version": 0,
          "dependencies": [
            "data.http.portals"
          ]
        }
      ]
    }
  ],
  "check_results": [
    {
      "object_kind": "var",
      "config_addr": "var.konnect_token",
      "status": "pass",
      "objects": [
        {
          "object_addr": "var.konnect_token",
          "status": "pass"
        }
      ]
    },
    {
      "object_kind": "var",
      "config_addr": "var.portal_name",
      "status": "pass",
      "objects": [
        {
          "object_addr": "var.portal_name",
          "status": "pass"
        }
      ]
    },
    {
      "object_kind": "var",
      "config_addr": "var.default_rate_limit_minute",
      "status": "pass",
      "objects": [
        {
          "object_addr": "var.default_rate_limit_minute",
          "status": "pass"
        }
      ]
    },
    {
      "object_kind": "var",
      "config_addr": "var.konnect_server_url",
      "status": "pass",
      "objects": [
        {
          "object_addr": "var.konnect_server_url",
          "status": "pass"
        }
      ]
    },
    {
      "object_kind": "var",
      "config_addr": "var.control_plane_name",
      "status": "pass",
      "objects": [
        {
          "object_addr": "var.control_plane_name",
          "status": "pass"
        }
      ]
    },
    {
      "object_kind": "var",
      "config_addr": "var.apis_config_file",
      "status": "pass",
      "objects": [
        {
          "object_addr": "var.apis_config_file",
          "status": "pass"
        }
      ]
    },
    {
      "object_kind": "var",
      "config_addr": "var.default_rate_limit_hour",
      "status": "pass",
      "objects": [
        {
          "object_addr": "var.default_rate_limit_hour",
          "status": "pass"
        }
      ]
    }
  ]
}
